
Microsoft Visual Studio Solution File, Format Version 12.00
# Visual Studio 15
VisualStudioVersion = 15.0.28307.489
MinimumVisualStudioVersion = 10.0.40219.1
Project("{FAE04EC0-301F-11D3-BF4B-00C04F79EFBC}") = "Api", "src\Api\Api.csproj", "{A797B8E2-9268-4A9F-B92D-C64D98DF275D}"
EndProject
Project("{FAE04EC0-301F-11D3-BF4B-00C04F79EFBC}") = "Api.Testes", "tests\Api.Testes\Api.Testes.csproj", "{6B591C9A-D914-4AC5-94FB-EC3E42145FD3}"
EndProject
Global
	GlobalSection(SolutionConfigurationPlatforms) = preSolution
		Debug|Any CPU = Debug|Any CPU
		Release|Any CPU = Release|Any CPU
	EndGlobalSection
	GlobalSection(ProjectConfigurationPlatforms) = postSolution
		{A797B8E2-9268-4A9F-B92D-C64D98DF275D}.Debug|Any CPU.ActiveCfg = Debug|Any CPU
		{A797B8E2-9268-4A9F-B92D-C64D98DF275D}.Debug|Any CPU.Build.0 = Debug|Any CPU
		{A797B8E2-9268-4A9F-B92D-C64D98DF275D}.Release|Any CPU.ActiveCfg = Release|Any CPU
		{A797B8E2-9268-4A9F-B92D-C64D98DF275D}.Release|Any CPU.Build.0 = Release|Any CPU
		{6B591C9A-D914-4AC5-94FB-EC3E42145FD3}.Debug|Any CPU.ActiveCfg = Debug|Any CPU
		{6B591C9A-D914-4AC5-94FB-EC3E42145FD3}.Debug|Any CPU.Build.0 = Debug|Any CPU
		{6B591C9A-D914-4AC5-94FB-EC3E42145FD3}.Release|Any CPU.ActiveCfg = Release|Any CPU
		{6B591C9A-D914-4AC5-94FB-EC3E42145FD3}.Release|Any CPU.Build.0 = Release|Any CPU
	EndGlobalSection
	GlobalSection(SolutionProperties) = preSolution
		HideSolutionNode = FALSE
	EndGlobalSection
	GlobalSection(ExtensibilityGlobals) = postSolution
		SolutionGuid = {A3F4F64E-0FC4-4C76-A117-35CA9F1ADEED}
	EndGlobalSection
EndGlobal
